// !$*UTF8*$!
{
	archiveVersion = 1;
	classes = {
	};
	objectVersion = 46;
	objects = {

/* Begin PBXGroup section */
		FABF2D751C0FDECF00B43451 = {
			isa = PBXGroup;
			children = (
			);
			sourceTree = "<group>";
		};
/* End PBXGroup section */

/* Begin PBXProject section */
		FABF2D761C0FDECF00B43451 /* Project object */ = {
			isa = PBXProject;
			attributes = {
				LastUpgradeCheck = 0710;
			};
			buildConfigurationList = FABF2D791C0FDECF00B43451 /* Build configuration list for PBXProject "CursoSwiftTarea1" */;
			compatibilityVersion = "Xcode 3.2";
			developmentRegion = English;
			hasScannedForEncodings = 0;
			knownRegions = (
				en,
			);
			mainGroup = FABF2D751C0FDECF00B43451;
			projectDirPath = "";
			projectRoot = "";
			targets = (
			);
		};
/* End PBXProject section */

/* Begin XCBuildConfiguration section */
		FABF2D7A1C0FDECF00B43451 /* Debug */ = {
			isa = XCBuildConfiguration;
			buildSettings = {
			};
			name = Debug;
		};
		FABF2D7B1C0FDECF00B43451 /* Release */ = {
			isa = XCBuildConfiguration;
			buildSettings = {
			};
			name = Release;
		};
/* End XCBuildConfiguration section */

/* Begin XCConfigurationList section */
		FABF2D791C0FDECF00B43451 /* Build configuration list for PBXProject "CursoSwiftTarea1" */ = {
			isa = XCConfigurationList;
			buildConfigurations = (
				FABF2D7A1C0FDECF00B43451 /* Debug */,
				FABF2D7B1C0FDECF00B43451 /* Release */,
			);
			defaultConfigurationIsVisible = 0;
			defaultConfigurationName = Release;
		};
/* End XCConfigurationList section */
	};
	rootObject = FABF2D761C0FDECF00B43451 /* Project object */;
}
